
Microsoft Visual Studio Solution File, Format Version 12.00
# Visual Studio Version 16
VisualStudioVersion = 16.0.30011.22
MinimumVisualStudioVersion = 10.0.40219.1
Project("{8BC9CEB8-8B4A-11D0-8D11-00A0C91BC942}") = "HTMLDecode", "HTMLDecode\HTMLDecode.vcxproj", "{439FDA4F-9047-4C24-B75A-C70412736118}"
EndProject
Project("{8BC9CEB8-8B4A-11D0-8D11-00A0C91BC942}") = "HTMLDecode_tests", "HTMLDecode_tests\HTMLDecode_tests.vcxproj", "{C59B9CB9-83FE-4F20-A886-5A49C8F29513}"
EndProject
Global
	GlobalSection(SolutionConfigurationPlatforms) = preSolution
		Debug|x64 = Debug|x64
		Debug|x86 = Debug|x86
		Release|x64 = Release|x64
		Release|x86 = Release|x86
	EndGlobalSection
	GlobalSection(ProjectConfigurationPlatforms) = postSolution
		{439FDA4F-9047-4C24-B75A-C70412736118}.Debug|x64.ActiveCfg = Debug|x64
		{439FDA4F-9047-4C24-B75A-C70412736118}.Debug|x64.Build.0 = Debug|x64
		{439FDA4F-9047-4C24-B75A-C70412736118}.Debug|x86.ActiveCfg = Debug|Win32
		{439FDA4F-9047-4C24-B75A-C70412736118}.Debug|x86.Build.0 = Debug|Win32
		{439FDA4F-9047-4C24-B75A-C70412736118}.Release|x64.ActiveCfg = Release|x64
		{439FDA4F-9047-4C24-B75A-C70412736118}.Release|x64.Build.0 = Release|x64
		{439FDA4F-9047-4C24-B75A-C70412736118}.Release|x86.ActiveCfg = Release|Win32
		{439FDA4F-9047-4C24-B75A-C70412736118}.Release|x86.Build.0 = Release|Win32
		{C59B9CB9-83FE-4F20-A886-5A49C8F29513}.Debug|x64.ActiveCfg = Debug|x64
		{C59B9CB9-83FE-4F20-A886-5A49C8F29513}.Debug|x64.Build.0 = Debug|x64
		{C59B9CB9-83FE-4F20-A886-5A49C8F29513}.Debug|x86.ActiveCfg = Debug|Win32
		{C59B9CB9-83FE-4F20-A886-5A49C8F29513}.Debug|x86.Build.0 = Debug|Win32
		{C59B9CB9-83FE-4F20-A886-5A49C8F29513}.Release|x64.ActiveCfg = Release|x64
		{C59B9CB9-83FE-4F20-A886-5A49C8F29513}.Release|x64.Build.0 = Release|x64
		{C59B9CB9-83FE-4F20-A886-5A49C8F29513}.Release|x86.ActiveCfg = Release|Win32
		{C59B9CB9-83FE-4F20-A886-5A49C8F29513}.Release|x86.Build.0 = Release|Win32
	EndGlobalSection
	GlobalSection(SolutionProperties) = preSolution
		HideSolutionNode = FALSE
	EndGlobalSection
	GlobalSection(ExtensibilityGlobals) = postSolution
		SolutionGuid = {9B2DD321-8F86-4E90-AC80-5EF8C700AE37}
	EndGlobalSection
EndGlobal
