
Microsoft Visual Studio Solution File, Format Version 12.00
# Visual Studio Version 16
VisualStudioVersion = 16.0.30011.22
MinimumVisualStudioVersion = 10.0.40219.1
Project("{8BC9CEB8-8B4A-11D0-8D11-00A0C91BC942}") = "Shapes", "Shapes\Shapes.vcxproj", "{726496E1-0B71-4B64-94A1-11ABC31ADF0E}"
EndProject
Global
	GlobalSection(SolutionConfigurationPlatforms) = preSolution
		Debug|x64 = Debug|x64
		Debug|x86 = Debug|x86
		Release|x64 = Release|x64
		Release|x86 = Release|x86
	EndGlobalSection
	GlobalSection(ProjectConfigurationPlatforms) = postSolution
		{726496E1-0B71-4B64-94A1-11ABC31ADF0E}.Debug|x64.ActiveCfg = Debug|x64
		{726496E1-0B71-4B64-94A1-11ABC31ADF0E}.Debug|x64.Build.0 = Debug|x64
		{726496E1-0B71-4B64-94A1-11ABC31ADF0E}.Debug|x86.ActiveCfg = Debug|Win32
		{726496E1-0B71-4B64-94A1-11ABC31ADF0E}.Debug|x86.Build.0 = Debug|Win32
		{726496E1-0B71-4B64-94A1-11ABC31ADF0E}.Release|x64.ActiveCfg = Release|x64
		{726496E1-0B71-4B64-94A1-11ABC31ADF0E}.Release|x64.Build.0 = Release|x64
		{726496E1-0B71-4B64-94A1-11ABC31ADF0E}.Release|x86.ActiveCfg = Release|Win32
		{726496E1-0B71-4B64-94A1-11ABC31ADF0E}.Release|x86.Build.0 = Release|Win32
	EndGlobalSection
	GlobalSection(SolutionProperties) = preSolution
		HideSolutionNode = FALSE
	EndGlobalSection
	GlobalSection(ExtensibilityGlobals) = postSolution
		SolutionGuid = {6442FFE8-65A8-4EFD-B566-6614F87A6997}
	EndGlobalSection
EndGlobal
